
Microsoft Visual Studio Solution File, Format Version 11.00
# Visual Studio 2010
Project("{FAE04EC0-301F-11D3-BF4B-00C04F79EFBC}") = "JobLesson07v02Part01", "JobLesson07v02Part01-dotPeek.csproj", "{A4118707-CEC7-472C-98A3-D0A3BF990496}"
EndProject
Global
	GlobalSection(SolutionConfigurationPlatforms) = preSolution
		Debug|Any CPU = Debug|Any CPU
		Release|Any CPU = Release|Any CPU
	EndGlobalSection
	GlobalSection(ProjectConfigurationPlatforms) = postSolution
		{A4118707-CEC7-472C-98A3-D0A3BF990496}.Debug|Any CPU.ActiveCfg = Debug|Any CPU
		{A4118707-CEC7-472C-98A3-D0A3BF990496}.Debug|Any CPU.Build.0 = Debug|Any CPU
		{A4118707-CEC7-472C-98A3-D0A3BF990496}.Release|Any CPU.ActiveCfg = Release|Any CPU
		{A4118707-CEC7-472C-98A3-D0A3BF990496}.Release|Any CPU.Build.0 = Release|Any CPU
	EndGlobalSection
	GlobalSection(SolutionProperties) = preSolution
		HideSolutionNode = FALSE
	EndGlobalSection
EndGlobal
