
Microsoft Visual Studio Solution File, Format Version 11.00
# Visual Studio 2010
Project("{FAE04EC0-301F-11D3-BF4B-00C04F79EFBC}") = "JobLesson07v02Part01", "JobLesson07v02Part01-DotPeek-v02.csproj", "{07296539-F12E-4850-8F5E-08332D5ED465}"
EndProject
Global
	GlobalSection(SolutionConfigurationPlatforms) = preSolution
		Debug|Any CPU = Debug|Any CPU
		Release|Any CPU = Release|Any CPU
	EndGlobalSection
	GlobalSection(ProjectConfigurationPlatforms) = postSolution
		{07296539-F12E-4850-8F5E-08332D5ED465}.Debug|Any CPU.ActiveCfg = Debug|Any CPU
		{07296539-F12E-4850-8F5E-08332D5ED465}.Debug|Any CPU.Build.0 = Debug|Any CPU
		{07296539-F12E-4850-8F5E-08332D5ED465}.Release|Any CPU.ActiveCfg = Release|Any CPU
		{07296539-F12E-4850-8F5E-08332D5ED465}.Release|Any CPU.Build.0 = Release|Any CPU
	EndGlobalSection
	GlobalSection(SolutionProperties) = preSolution
		HideSolutionNode = FALSE
	EndGlobalSection
EndGlobal
